
Microsoft Visual Studio Solution File, Format Version 12.00
# Visual Studio Version 17
VisualStudioVersion = 17.0.31903.59
MinimumVisualStudioVersion = 10.0.40219.1
Project("{FAE04EC0-301F-11D3-BF4B-00C04F79EFBC}") = "DevicesApi.Api", "DevicesApi.Api\DevicesApi.Api.csproj", "{6F639358-8F9F-4057-B3D6-014D47A3E620}"
EndProject
Project("{FAE04EC0-301F-11D3-BF4B-00C04F79EFBC}") = "DevicesApi.Common", "DevicesApi.Common\DevicesApi.Common.csproj", "{5CA5E95D-3E46-420F-B3FE-E99961112B7D}"
EndProject
Project("{FAE04EC0-301F-11D3-BF4B-00C04F79EFBC}") = "DevicesApi.Data", "DevicesApi.Data\DevicesApi.Data.csproj", "{6A31825D-3C90-4AFE-9342-F3DC88CBB753}"
EndProject
Project("{FAE04EC0-301F-11D3-BF4B-00C04F79EFBC}") = "DevicesApi.BusinessManager", "DevicesApi.BusinessManager\DevicesApi.BusinessManager.csproj", "{1FE0E32E-1F1D-4785-9965-4A81CAA612FA}"
EndProject
Project("{FAE04EC0-301F-11D3-BF4B-00C04F79EFBC}") = "DevicesApi.Ioc", "DevicesApi.Ioc\DevicesApi.Ioc.csproj", "{CAFAAEDF-BD6C-4721-9AD4-36A23FE88D69}"
EndProject
Project("{FAE04EC0-301F-11D3-BF4B-00C04F79EFBC}") = "DevicesApi.Tests", "DevicesApi.Tests\DevicesApi.Tests.csproj", "{EB9B3400-A5BE-411E-8E9C-076C2B58DEB8}"
EndProject
Project("{2150E333-8FDC-42A3-9474-1A3956D46DE8}") = "2.Data", "2.Data", "{02EA681E-C7D8-13C7-8484-4AC65E1B71E8}"
EndProject
Project("{2150E333-8FDC-42A3-9474-1A3956D46DE8}") = "1.Common", "1.Common", "{006382A2-5A02-47B6-B1D9-309029BAE088}"
EndProject
Project("{2150E333-8FDC-42A3-9474-1A3956D46DE8}") = "3.ExternalAPIs", "3.ExternalAPIs", "{AA6B0103-F8B6-4581-9578-C5E43439A152}"
EndProject
Project("{2150E333-8FDC-42A3-9474-1A3956D46DE8}") = "4.Managers", "4.Managers", "{2B3651CA-D2A4-442A-B2B7-6B7EA8085E56}"
EndProject
Project("{2150E333-8FDC-42A3-9474-1A3956D46DE8}") = "5.IOC", "5.IOC", "{8C30CF26-DD48-44D0-9F35-03E55D14396E}"
EndProject
Project("{2150E333-8FDC-42A3-9474-1A3956D46DE8}") = "6.Apis", "6.Apis", "{520E6047-63E3-486F-87EF-93A3BCBE4E70}"
EndProject
Project("{2150E333-8FDC-42A3-9474-1A3956D46DE8}") = "7.Tests", "7.Tests", "{B1BBAC90-D306-4A0B-80DB-4898062B28B9}"
EndProject
Global
	GlobalSection(SolutionConfigurationPlatforms) = preSolution
		Debug|Any CPU = Debug|Any CPU
		Debug|x64 = Debug|x64
		Debug|x86 = Debug|x86
		Release|Any CPU = Release|Any CPU
		Release|x64 = Release|x64
		Release|x86 = Release|x86
	EndGlobalSection
	GlobalSection(ProjectConfigurationPlatforms) = postSolution
		{6F639358-8F9F-4057-B3D6-014D47A3E620}.Debug|Any CPU.ActiveCfg = Debug|Any CPU
		{6F639358-8F9F-4057-B3D6-014D47A3E620}.Debug|Any CPU.Build.0 = Debug|Any CPU
		{6F639358-8F9F-4057-B3D6-014D47A3E620}.Debug|x64.ActiveCfg = Debug|Any CPU
		{6F639358-8F9F-4057-B3D6-014D47A3E620}.Debug|x64.Build.0 = Debug|Any CPU
		{6F639358-8F9F-4057-B3D6-014D47A3E620}.Debug|x86.ActiveCfg = Debug|Any CPU
		{6F639358-8F9F-4057-B3D6-014D47A3E620}.Debug|x86.Build.0 = Debug|Any CPU
		{6F639358-8F9F-4057-B3D6-014D47A3E620}.Release|Any CPU.ActiveCfg = Release|Any CPU
		{6F639358-8F9F-4057-B3D6-014D47A3E620}.Release|Any CPU.Build.0 = Release|Any CPU
		{6F639358-8F9F-4057-B3D6-014D47A3E620}.Release|x64.ActiveCfg = Release|Any CPU
		{6F639358-8F9F-4057-B3D6-014D47A3E620}.Release|x64.Build.0 = Release|Any CPU
		{6F639358-8F9F-4057-B3D6-014D47A3E620}.Release|x86.ActiveCfg = Release|Any CPU
		{6F639358-8F9F-4057-B3D6-014D47A3E620}.Release|x86.Build.0 = Release|Any CPU
		{5CA5E95D-3E46-420F-B3FE-E99961112B7D}.Debug|Any CPU.ActiveCfg = Debug|Any CPU
		{5CA5E95D-3E46-420F-B3FE-E99961112B7D}.Debug|Any CPU.Build.0 = Debug|Any CPU
		{5CA5E95D-3E46-420F-B3FE-E99961112B7D}.Debug|x64.ActiveCfg = Debug|Any CPU
		{5CA5E95D-3E46-420F-B3FE-E99961112B7D}.Debug|x64.Build.0 = Debug|Any CPU
		{5CA5E95D-3E46-420F-B3FE-E99961112B7D}.Debug|x86.ActiveCfg = Debug|Any CPU
		{5CA5E95D-3E46-420F-B3FE-E99961112B7D}.Debug|x86.Build.0 = Debug|Any CPU
		{5CA5E95D-3E46-420F-B3FE-E99961112B7D}.Release|Any CPU.ActiveCfg = Release|Any CPU
		{5CA5E95D-3E46-420F-B3FE-E99961112B7D}.Release|Any CPU.Build.0 = Release|Any CPU
		{5CA5E95D-3E46-420F-B3FE-E99961112B7D}.Release|x64.ActiveCfg = Release|Any CPU
		{5CA5E95D-3E46-420F-B3FE-E99961112B7D}.Release|x64.Build.0 = Release|Any CPU
		{5CA5E95D-3E46-420F-B3FE-E99961112B7D}.Release|x86.ActiveCfg = Release|Any CPU
		{5CA5E95D-3E46-420F-B3FE-E99961112B7D}.Release|x86.Build.0 = Release|Any CPU
		{6A31825D-3C90-4AFE-9342-F3DC88CBB753}.Debug|Any CPU.ActiveCfg = Debug|Any CPU
		{6A31825D-3C90-4AFE-9342-F3DC88CBB753}.Debug|Any CPU.Build.0 = Debug|Any CPU
		{6A31825D-3C90-4AFE-9342-F3DC88CBB753}.Debug|x64.ActiveCfg = Debug|Any CPU
		{6A31825D-3C90-4AFE-9342-F3DC88CBB753}.Debug|x64.Build.0 = Debug|Any CPU
		{6A31825D-3C90-4AFE-9342-F3DC88CBB753}.Debug|x86.ActiveCfg = Debug|Any CPU
		{6A31825D-3C90-4AFE-9342-F3DC88CBB753}.Debug|x86.Build.0 = Debug|Any CPU
		{6A31825D-3C90-4AFE-9342-F3DC88CBB753}.Release|Any CPU.ActiveCfg = Release|Any CPU
		{6A31825D-3C90-4AFE-9342-F3DC88CBB753}.Release|Any CPU.Build.0 = Release|Any CPU
		{6A31825D-3C90-4AFE-9342-F3DC88CBB753}.Release|x64.ActiveCfg = Release|Any CPU
		{6A31825D-3C90-4AFE-9342-F3DC88CBB753}.Release|x64.Build.0 = Release|Any CPU
		{6A31825D-3C90-4AFE-9342-F3DC88CBB753}.Release|x86.ActiveCfg = Release|Any CPU
		{6A31825D-3C90-4AFE-9342-F3DC88CBB753}.Release|x86.Build.0 = Release|Any CPU
		{1FE0E32E-1F1D-4785-9965-4A81CAA612FA}.Debug|Any CPU.ActiveCfg = Debug|Any CPU
		{1FE0E32E-1F1D-4785-9965-4A81CAA612FA}.Debug|Any CPU.Build.0 = Debug|Any CPU
		{1FE0E32E-1F1D-4785-9965-4A81CAA612FA}.Debug|x64.ActiveCfg = Debug|Any CPU
		{1FE0E32E-1F1D-4785-9965-4A81CAA612FA}.Debug|x64.Build.0 = Debug|Any CPU
		{1FE0E32E-1F1D-4785-9965-4A81CAA612FA}.Debug|x86.ActiveCfg = Debug|Any CPU
		{1FE0E32E-1F1D-4785-9965-4A81CAA612FA}.Debug|x86.Build.0 = Debug|Any CPU
		{1FE0E32E-1F1D-4785-9965-4A81CAA612FA}.Release|Any CPU.ActiveCfg = Release|Any CPU
		{1FE0E32E-1F1D-4785-9965-4A81CAA612FA}.Release|Any CPU.Build.0 = Release|Any CPU
		{1FE0E32E-1F1D-4785-9965-4A81CAA612FA}.Release|x64.ActiveCfg = Release|Any CPU
		{1FE0E32E-1F1D-4785-9965-4A81CAA612FA}.Release|x64.Build.0 = Release|Any CPU
		{1FE0E32E-1F1D-4785-9965-4A81CAA612FA}.Release|x86.ActiveCfg = Release|Any CPU
		{1FE0E32E-1F1D-4785-9965-4A81CAA612FA}.Release|x86.Build.0 = Release|Any CPU
		{CAFAAEDF-BD6C-4721-9AD4-36A23FE88D69}.Debug|Any CPU.ActiveCfg = Debug|Any CPU
		{CAFAAEDF-BD6C-4721-9AD4-36A23FE88D69}.Debug|Any CPU.Build.0 = Debug|Any CPU
		{CAFAAEDF-BD6C-4721-9AD4-36A23FE88D69}.Debug|x64.ActiveCfg = Debug|Any CPU
		{CAFAAEDF-BD6C-4721-9AD4-36A23FE88D69}.Debug|x64.Build.0 = Debug|Any CPU
		{CAFAAEDF-BD6C-4721-9AD4-36A23FE88D69}.Debug|x86.ActiveCfg = Debug|Any CPU
		{CAFAAEDF-BD6C-4721-9AD4-36A23FE88D69}.Debug|x86.Build.0 = Debug|Any CPU
		{CAFAAEDF-BD6C-4721-9AD4-36A23FE88D69}.Release|Any CPU.ActiveCfg = Release|Any CPU
		{CAFAAEDF-BD6C-4721-9AD4-36A23FE88D69}.Release|Any CPU.Build.0 = Release|Any CPU
		{CAFAAEDF-BD6C-4721-9AD4-36A23FE88D69}.Release|x64.ActiveCfg = Release|Any CPU
		{CAFAAEDF-BD6C-4721-9AD4-36A23FE88D69}.Release|x64.Build.0 = Release|Any CPU
		{CAFAAEDF-BD6C-4721-9AD4-36A23FE88D69}.Release|x86.ActiveCfg = Release|Any CPU
		{CAFAAEDF-BD6C-4721-9AD4-36A23FE88D69}.Release|x86.Build.0 = Release|Any CPU
		{EB9B3400-A5BE-411E-8E9C-076C2B58DEB8}.Debug|Any CPU.ActiveCfg = Debug|Any CPU
		{EB9B3400-A5BE-411E-8E9C-076C2B58DEB8}.Debug|Any CPU.Build.0 = Debug|Any CPU
		{EB9B3400-A5BE-411E-8E9C-076C2B58DEB8}.Debug|x64.ActiveCfg = Debug|Any CPU
		{EB9B3400-A5BE-411E-8E9C-076C2B58DEB8}.Debug|x64.Build.0 = Debug|Any CPU
		{EB9B3400-A5BE-411E-8E9C-076C2B58DEB8}.Debug|x86.ActiveCfg = Debug|Any CPU
		{EB9B3400-A5BE-411E-8E9C-076C2B58DEB8}.Debug|x86.Build.0 = Debug|Any CPU
		{EB9B3400-A5BE-411E-8E9C-076C2B58DEB8}.Release|Any CPU.ActiveCfg = Release|Any CPU
		{EB9B3400-A5BE-411E-8E9C-076C2B58DEB8}.Release|Any CPU.Build.0 = Release|Any CPU
		{EB9B3400-A5BE-411E-8E9C-076C2B58DEB8}.Release|x64.ActiveCfg = Release|Any CPU
		{EB9B3400-A5BE-411E-8E9C-076C2B58DEB8}.Release|x64.Build.0 = Release|Any CPU
		{EB9B3400-A5BE-411E-8E9C-076C2B58DEB8}.Release|x86.ActiveCfg = Release|Any CPU
		{EB9B3400-A5BE-411E-8E9C-076C2B58DEB8}.Release|x86.Build.0 = Release|Any CPU
	EndGlobalSection
	GlobalSection(SolutionProperties) = preSolution
		HideSolutionNode = FALSE
	EndGlobalSection
	GlobalSection(NestedProjects) = preSolution
		{6F639358-8F9F-4057-B3D6-014D47A3E620} = {520E6047-63E3-486F-87EF-93A3BCBE4E70}
		{5CA5E95D-3E46-420F-B3FE-E99961112B7D} = {006382A2-5A02-47B6-B1D9-309029BAE088}
		{6A31825D-3C90-4AFE-9342-F3DC88CBB753} = {02EA681E-C7D8-13C7-8484-4AC65E1B71E8}
		{1FE0E32E-1F1D-4785-9965-4A81CAA612FA} = {2B3651CA-D2A4-442A-B2B7-6B7EA8085E56}
		{CAFAAEDF-BD6C-4721-9AD4-36A23FE88D69} = {8C30CF26-DD48-44D0-9F35-03E55D14396E}
		{EB9B3400-A5BE-411E-8E9C-076C2B58DEB8} = {B1BBAC90-D306-4A0B-80DB-4898062B28B9}
	EndGlobalSection
	GlobalSection(ExtensibilityGlobals) = postSolution
		SolutionGuid = {A23A087E-E8EB-42E5-9941-3695D51ACDDE}
	EndGlobalSection
EndGlobal
